
Microsoft Visual Studio Solution File, Format Version 11.00
# Visual C# Express 2010
Project("{FAE04EC0-301F-11D3-BF4B-00C04F79EFBC}") = "Affichage_Capteurs", "Affichage_Capteurs\Affichage_Capteurs.csproj", "{C488B432-D06C-486A-BC5F-C5F5BEC12F13}"
EndProject
Global
	GlobalSection(SolutionConfigurationPlatforms) = preSolution
		Debug|x86 = Debug|x86
		Release|x86 = Release|x86
	EndGlobalSection
	GlobalSection(ProjectConfigurationPlatforms) = postSolution
		{C488B432-D06C-486A-BC5F-C5F5BEC12F13}.Debug|x86.ActiveCfg = Debug|x86
		{C488B432-D06C-486A-BC5F-C5F5BEC12F13}.Debug|x86.Build.0 = Debug|x86
		{C488B432-D06C-486A-BC5F-C5F5BEC12F13}.Release|x86.ActiveCfg = Release|x86
		{C488B432-D06C-486A-BC5F-C5F5BEC12F13}.Release|x86.Build.0 = Release|x86
	EndGlobalSection
	GlobalSection(SolutionProperties) = preSolution
		HideSolutionNode = FALSE
	EndGlobalSection
EndGlobal
